# This file is automatically @generated by Cargo.
# It is not intended for manual editing.
version = 3

[[package]]
name = "censor"
version = "0.3.0"
source = "registry+https://github.com/rust-lang/crates.io-index"
checksum = "d41e3b9fdbb9b3edc10dc66a06dc255822f699c432e19403fb966e6d60e0dec4"
dependencies = [
 "once_cell",
]

[[package]]
name = "cleanup"
version = "0.1.0"
dependencies = [
 "filter",
]

[[package]]
name = "filter"
version = "0.1.0"
dependencies = [
 "censor",
]

[[package]]
name = "ingest"
version = "0.1.0"
dependencies = [
 "filter",
]

[[package]]
name = "once_cell"
version = "1.18.0"
source = "registry+https://github.com/rust-lang/crates.io-index"
checksum = "dd8b5dd2ae5ed71462c540258bedcb51965123ad7e7ccf4b9a8cafaa4a63576d"
